
Microsoft Visual Studio Solution File, Format Version 11.00
# Visual Studio 2010
Project("{FAE04EC0-301F-11D3-BF4B-00C04F79EFBC}") = "CS VolpeTango", "Assembly-CSharp.csproj", "{65B3FF54-9286-38C9-28A0-3B92F03D10A6}"
EndProject
Project("{FAE04EC0-301F-11D3-BF4B-00C04F79EFBC}") = "CS VolpeTango", "Assembly-CSharp-Editor.csproj", "{C6D46EB3-D10A-D59E-22F8-565BD7D5F78A}"
EndProject
Global
	GlobalSection(SolutionConfigurationPlatforms) = preSolution
		Debug|Any CPU = Debug|Any CPU
		Release|Any CPU = Release|Any CPU
	EndGlobalSection
	GlobalSection(ProjectConfigurationPlatforms) = postSolution
		{65B3FF54-9286-38C9-28A0-3B92F03D10A6}.Debug|Any CPU.ActiveCfg = Debug|Any CPU
		{65B3FF54-9286-38C9-28A0-3B92F03D10A6}.Debug|Any CPU.Build.0 = Debug|Any CPU
		{65B3FF54-9286-38C9-28A0-3B92F03D10A6}.Release|Any CPU.ActiveCfg = Release|Any CPU
		{65B3FF54-9286-38C9-28A0-3B92F03D10A6}.Release|Any CPU.Build.0 = Release|Any CPU
		{C6D46EB3-D10A-D59E-22F8-565BD7D5F78A}.Debug|Any CPU.ActiveCfg = Debug|Any CPU
		{C6D46EB3-D10A-D59E-22F8-565BD7D5F78A}.Debug|Any CPU.Build.0 = Debug|Any CPU
		{C6D46EB3-D10A-D59E-22F8-565BD7D5F78A}.Release|Any CPU.ActiveCfg = Release|Any CPU
		{C6D46EB3-D10A-D59E-22F8-565BD7D5F78A}.Release|Any CPU.Build.0 = Release|Any CPU
	EndGlobalSection
	GlobalSection(SolutionProperties) = preSolution
		HideSolutionNode = FALSE
	EndGlobalSection
	GlobalSection(MonoDevelopProperties) = preSolution
		StartupItem = Assembly-CSharp.csproj
	EndGlobalSection
EndGlobal
