
Microsoft Visual Studio Solution File, Format Version 11.00
# Visual Studio 2010
Project("{FAE04EC0-301F-11D3-BF4B-00C04F79EFBC}") = "CSharpScope_AR", "Assembly-CSharp.csproj", "{01D9C6A4-9B01-1886-4E29-B5109591162E}"
EndProject
Project("{FAE04EC0-301F-11D3-BF4B-00C04F79EFBC}") = "CSharpScope_AR", "Assembly-CSharp-firstpass.csproj", "{2F491320-9ADA-0749-0156-269B6D4C886F}"
EndProject
Global
	GlobalSection(SolutionConfigurationPlatforms) = preSolution
		Debug|Any CPU = Debug|Any CPU
		Release|Any CPU = Release|Any CPU
	EndGlobalSection
	GlobalSection(ProjectConfigurationPlatforms) = postSolution
		{01D9C6A4-9B01-1886-4E29-B5109591162E}.Debug|Any CPU.ActiveCfg = Debug|Any CPU
		{01D9C6A4-9B01-1886-4E29-B5109591162E}.Debug|Any CPU.Build.0 = Debug|Any CPU
		{01D9C6A4-9B01-1886-4E29-B5109591162E}.Release|Any CPU.ActiveCfg = Release|Any CPU
		{01D9C6A4-9B01-1886-4E29-B5109591162E}.Release|Any CPU.Build.0 = Release|Any CPU
		{2F491320-9ADA-0749-0156-269B6D4C886F}.Debug|Any CPU.ActiveCfg = Debug|Any CPU
		{2F491320-9ADA-0749-0156-269B6D4C886F}.Debug|Any CPU.Build.0 = Debug|Any CPU
		{2F491320-9ADA-0749-0156-269B6D4C886F}.Release|Any CPU.ActiveCfg = Release|Any CPU
		{2F491320-9ADA-0749-0156-269B6D4C886F}.Release|Any CPU.Build.0 = Release|Any CPU
	EndGlobalSection
	GlobalSection(SolutionProperties) = preSolution
		HideSolutionNode = FALSE
	EndGlobalSection
	GlobalSection(MonoDevelopProperties) = preSolution
		StartupItem = Assembly-CSharp.csproj
	EndGlobalSection
EndGlobal
