
Microsoft Visual Studio Solution File, Format Version 11.00
# Visual Studio 2010
Project("{FAE04EC0-301F-11D3-BF4B-00C04F79EFBC}") = "15_CSharpScope_AR", "Assembly-CSharp.csproj", "{1E4D3F3B-AE15-6DA6-27A8-9D731E9AA0BD}"
EndProject
Project("{FAE04EC0-301F-11D3-BF4B-00C04F79EFBC}") = "15_CSharpScope_AR", "Assembly-CSharp-firstpass.csproj", "{CC85E837-71A1-6512-6C79-6C67AC1233EF}"
EndProject
Project("{FAE04EC0-301F-11D3-BF4B-00C04F79EFBC}") = "15_CSharpScope_AR", "Assembly-CSharp-Editor.csproj", "{C13CFA3E-8DA0-174A-A590-A6F60408103F}"
EndProject
Global
	GlobalSection(SolutionConfigurationPlatforms) = preSolution
		Debug|Any CPU = Debug|Any CPU
		Release|Any CPU = Release|Any CPU
	EndGlobalSection
	GlobalSection(ProjectConfigurationPlatforms) = postSolution
		{1E4D3F3B-AE15-6DA6-27A8-9D731E9AA0BD}.Debug|Any CPU.ActiveCfg = Debug|Any CPU
		{1E4D3F3B-AE15-6DA6-27A8-9D731E9AA0BD}.Debug|Any CPU.Build.0 = Debug|Any CPU
		{1E4D3F3B-AE15-6DA6-27A8-9D731E9AA0BD}.Release|Any CPU.ActiveCfg = Release|Any CPU
		{1E4D3F3B-AE15-6DA6-27A8-9D731E9AA0BD}.Release|Any CPU.Build.0 = Release|Any CPU
		{CC85E837-71A1-6512-6C79-6C67AC1233EF}.Debug|Any CPU.ActiveCfg = Debug|Any CPU
		{CC85E837-71A1-6512-6C79-6C67AC1233EF}.Debug|Any CPU.Build.0 = Debug|Any CPU
		{CC85E837-71A1-6512-6C79-6C67AC1233EF}.Release|Any CPU.ActiveCfg = Release|Any CPU
		{CC85E837-71A1-6512-6C79-6C67AC1233EF}.Release|Any CPU.Build.0 = Release|Any CPU
		{C13CFA3E-8DA0-174A-A590-A6F60408103F}.Debug|Any CPU.ActiveCfg = Debug|Any CPU
		{C13CFA3E-8DA0-174A-A590-A6F60408103F}.Debug|Any CPU.Build.0 = Debug|Any CPU
		{C13CFA3E-8DA0-174A-A590-A6F60408103F}.Release|Any CPU.ActiveCfg = Release|Any CPU
		{C13CFA3E-8DA0-174A-A590-A6F60408103F}.Release|Any CPU.Build.0 = Release|Any CPU
	EndGlobalSection
	GlobalSection(SolutionProperties) = preSolution
		HideSolutionNode = FALSE
	EndGlobalSection
	GlobalSection(MonoDevelopProperties) = preSolution
		StartupItem = Assembly-CSharp.csproj
	EndGlobalSection
EndGlobal
